
Microsoft Visual Studio Solution File, Format Version 12.00
# Visual Studio Version 17
VisualStudioVersion = 17.11.35208.52
MinimumVisualStudioVersion = 10.0.40219.1
Project("{9A19103F-16F7-4668-BE54-9A1E7A4F7556}") = "SignalRChat", "SignalRChat\SignalRChat.csproj", "{6C7F96F2-2E75-40E0-B9B6-466BCFFCE86F}"
EndProject
Project("{FAE04EC0-301F-11D3-BF4B-00C04F79EFBC}") = "SignalR.Client1", "SignalR.Client\SignalR.Client1.csproj", "{8744C85A-2E5A-4298-AD47-6AF825245EFE}"
EndProject
Project("{FAE04EC0-301F-11D3-BF4B-00C04F79EFBC}") = "Commons", "Commons\Commons.csproj", "{3E9AE4D9-A2AE-4DD2-9B14-812DA704E667}"
EndProject
Global
	GlobalSection(SolutionConfigurationPlatforms) = preSolution
		Debug|Any CPU = Debug|Any CPU
		Release|Any CPU = Release|Any CPU
	EndGlobalSection
	GlobalSection(ProjectConfigurationPlatforms) = postSolution
		{6C7F96F2-2E75-40E0-B9B6-466BCFFCE86F}.Debug|Any CPU.ActiveCfg = Debug|Any CPU
		{6C7F96F2-2E75-40E0-B9B6-466BCFFCE86F}.Debug|Any CPU.Build.0 = Debug|Any CPU
		{6C7F96F2-2E75-40E0-B9B6-466BCFFCE86F}.Release|Any CPU.ActiveCfg = Release|Any CPU
		{6C7F96F2-2E75-40E0-B9B6-466BCFFCE86F}.Release|Any CPU.Build.0 = Release|Any CPU
		{8744C85A-2E5A-4298-AD47-6AF825245EFE}.Debug|Any CPU.ActiveCfg = Debug|Any CPU
		{8744C85A-2E5A-4298-AD47-6AF825245EFE}.Debug|Any CPU.Build.0 = Debug|Any CPU
		{8744C85A-2E5A-4298-AD47-6AF825245EFE}.Release|Any CPU.ActiveCfg = Release|Any CPU
		{8744C85A-2E5A-4298-AD47-6AF825245EFE}.Release|Any CPU.Build.0 = Release|Any CPU
		{3E9AE4D9-A2AE-4DD2-9B14-812DA704E667}.Debug|Any CPU.ActiveCfg = Debug|Any CPU
		{3E9AE4D9-A2AE-4DD2-9B14-812DA704E667}.Debug|Any CPU.Build.0 = Debug|Any CPU
		{3E9AE4D9-A2AE-4DD2-9B14-812DA704E667}.Release|Any CPU.ActiveCfg = Release|Any CPU
		{3E9AE4D9-A2AE-4DD2-9B14-812DA704E667}.Release|Any CPU.Build.0 = Release|Any CPU
	EndGlobalSection
	GlobalSection(SolutionProperties) = preSolution
		HideSolutionNode = FALSE
	EndGlobalSection
	GlobalSection(ExtensibilityGlobals) = postSolution
		SolutionGuid = {F04116BE-FD4E-478F-A250-E8AC6C38488D}
	EndGlobalSection
EndGlobal
